
Microsoft Visual Studio Solution File, Format Version 12.00
# Visual Studio 2012
Project("{FAE04EC0-301F-11D3-BF4B-00C04F79EFBC}") = "InterfaceAndBaseClassExample", "InterfaceAndBaseClassExample\InterfaceAndBaseClassExample.csproj", "{70021B03-4A01-47F6-A498-EE3258C5ABAC}"
EndProject
Project("{FAE04EC0-301F-11D3-BF4B-00C04F79EFBC}") = "InterfaceAndBaseClassExample.V2", "InterfaceAndBaseClassExample.V2\InterfaceAndBaseClassExample.V2.csproj", "{49E154CF-AF77-46B9-ABAF-DB40E4BA109C}"
EndProject
Global
	GlobalSection(SolutionConfigurationPlatforms) = preSolution
		Debug|Any CPU = Debug|Any CPU
		Release|Any CPU = Release|Any CPU
	EndGlobalSection
	GlobalSection(ProjectConfigurationPlatforms) = postSolution
		{70021B03-4A01-47F6-A498-EE3258C5ABAC}.Debug|Any CPU.ActiveCfg = Debug|Any CPU
		{70021B03-4A01-47F6-A498-EE3258C5ABAC}.Debug|Any CPU.Build.0 = Debug|Any CPU
		{70021B03-4A01-47F6-A498-EE3258C5ABAC}.Release|Any CPU.ActiveCfg = Release|Any CPU
		{70021B03-4A01-47F6-A498-EE3258C5ABAC}.Release|Any CPU.Build.0 = Release|Any CPU
		{49E154CF-AF77-46B9-ABAF-DB40E4BA109C}.Debug|Any CPU.ActiveCfg = Debug|Any CPU
		{49E154CF-AF77-46B9-ABAF-DB40E4BA109C}.Debug|Any CPU.Build.0 = Debug|Any CPU
		{49E154CF-AF77-46B9-ABAF-DB40E4BA109C}.Release|Any CPU.ActiveCfg = Release|Any CPU
		{49E154CF-AF77-46B9-ABAF-DB40E4BA109C}.Release|Any CPU.Build.0 = Release|Any CPU
	EndGlobalSection
	GlobalSection(SolutionProperties) = preSolution
		HideSolutionNode = FALSE
	EndGlobalSection
EndGlobal
